
Microsoft Visual Studio Solution File, Format Version 12.00
# Visual Studio Version 17
VisualStudioVersion = 17.0.31903.59
MinimumVisualStudioVersion = 10.0.40219.1
Project("{2150E333-8FDC-42A3-9474-1A3956D46DE8}") = "src", "src", "{827E0CD3-B72D-47B6-A68D-7590B98EB39B}"
EndProject
Project("{FAE04EC0-301F-11D3-BF4B-00C04F79EFBC}") = "KSubMaker.Domain", "src\KSubMaker.Domain\KSubMaker.Domain.csproj", "{5815CDFB-D517-4A2E-A89D-CDB393E9A1BC}"
EndProject
Project("{FAE04EC0-301F-11D3-BF4B-00C04F79EFBC}") = "KSubMaker.WorkerProtocol", "src\KSubMaker.WorkerProtocol\KSubMaker.WorkerProtocol.csproj", "{29D2A09B-B6FF-4C6A-B1FB-8E7A628B59A2}"
EndProject
Project("{FAE04EC0-301F-11D3-BF4B-00C04F79EFBC}") = "KSubMaker.Application", "src\KSubMaker.Application\KSubMaker.Application.csproj", "{95817541-B031-44DB-97DF-40E90098FDB5}"
EndProject
Project("{FAE04EC0-301F-11D3-BF4B-00C04F79EFBC}") = "KSubMaker.Infrastructure", "src\KSubMaker.Infrastructure\KSubMaker.Infrastructure.csproj", "{A4007BCB-5B53-418E-9485-B22925BAAE06}"
EndProject
Project("{FAE04EC0-301F-11D3-BF4B-00C04F79EFBC}") = "KSubMaker.Worker", "src\KSubMaker.Worker\KSubMaker.Worker.csproj", "{ACCA9602-3CB3-4498-9920-EBABBD08D3E7}"
EndProject
Project("{FAE04EC0-301F-11D3-BF4B-00C04F79EFBC}") = "KSubMaker.App", "src\KSubMaker.App\KSubMaker.App.csproj", "{E12A5799-3E02-4A9F-B090-7B610FA6DB57}"
EndProject
Project("{2150E333-8FDC-42A3-9474-1A3956D46DE8}") = "tests", "tests", "{0AB3BF05-4346-4AA6-1389-037BE0695223}"
EndProject
Project("{FAE04EC0-301F-11D3-BF4B-00C04F79EFBC}") = "KSubMaker.UnitTests", "tests\KSubMaker.UnitTests\KSubMaker.UnitTests.csproj", "{BB93D9F0-5D8D-4166-AFEA-44FE8311DC4E}"
EndProject
Project("{FAE04EC0-301F-11D3-BF4B-00C04F79EFBC}") = "KSubMaker.IntegrationTests", "tests\KSubMaker.IntegrationTests\KSubMaker.IntegrationTests.csproj", "{8F7707AB-8702-4BF5-B699-F5653EB5872E}"
EndProject
Global
	GlobalSection(SolutionConfigurationPlatforms) = preSolution
		Debug|Any CPU = Debug|Any CPU
		Debug|x64 = Debug|x64
		Debug|x86 = Debug|x86
		Release|Any CPU = Release|Any CPU
		Release|x64 = Release|x64
		Release|x86 = Release|x86
	EndGlobalSection
	GlobalSection(ProjectConfigurationPlatforms) = postSolution
		{5815CDFB-D517-4A2E-A89D-CDB393E9A1BC}.Debug|Any CPU.ActiveCfg = Debug|Any CPU
		{5815CDFB-D517-4A2E-A89D-CDB393E9A1BC}.Debug|Any CPU.Build.0 = Debug|Any CPU
		{5815CDFB-D517-4A2E-A89D-CDB393E9A1BC}.Debug|x64.ActiveCfg = Debug|Any CPU
		{5815CDFB-D517-4A2E-A89D-CDB393E9A1BC}.Debug|x64.Build.0 = Debug|Any CPU
		{5815CDFB-D517-4A2E-A89D-CDB393E9A1BC}.Debug|x86.ActiveCfg = Debug|Any CPU
		{5815CDFB-D517-4A2E-A89D-CDB393E9A1BC}.Debug|x86.Build.0 = Debug|Any CPU
		{5815CDFB-D517-4A2E-A89D-CDB393E9A1BC}.Release|Any CPU.ActiveCfg = Release|Any CPU
		{5815CDFB-D517-4A2E-A89D-CDB393E9A1BC}.Release|Any CPU.Build.0 = Release|Any CPU
		{5815CDFB-D517-4A2E-A89D-CDB393E9A1BC}.Release|x64.ActiveCfg = Release|Any CPU
		{5815CDFB-D517-4A2E-A89D-CDB393E9A1BC}.Release|x64.Build.0 = Release|Any CPU
		{5815CDFB-D517-4A2E-A89D-CDB393E9A1BC}.Release|x86.ActiveCfg = Release|Any CPU
		{5815CDFB-D517-4A2E-A89D-CDB393E9A1BC}.Release|x86.Build.0 = Release|Any CPU
		{29D2A09B-B6FF-4C6A-B1FB-8E7A628B59A2}.Debug|Any CPU.ActiveCfg = Debug|Any CPU
		{29D2A09B-B6FF-4C6A-B1FB-8E7A628B59A2}.Debug|Any CPU.Build.0 = Debug|Any CPU
		{29D2A09B-B6FF-4C6A-B1FB-8E7A628B59A2}.Debug|x64.ActiveCfg = Debug|Any CPU
		{29D2A09B-B6FF-4C6A-B1FB-8E7A628B59A2}.Debug|x64.Build.0 = Debug|Any CPU
		{29D2A09B-B6FF-4C6A-B1FB-8E7A628B59A2}.Debug|x86.ActiveCfg = Debug|Any CPU
		{29D2A09B-B6FF-4C6A-B1FB-8E7A628B59A2}.Debug|x86.Build.0 = Debug|Any CPU
		{29D2A09B-B6FF-4C6A-B1FB-8E7A628B59A2}.Release|Any CPU.ActiveCfg = Release|Any CPU
		{29D2A09B-B6FF-4C6A-B1FB-8E7A628B59A2}.Release|Any CPU.Build.0 = Release|Any CPU
		{29D2A09B-B6FF-4C6A-B1FB-8E7A628B59A2}.Release|x64.ActiveCfg = Release|Any CPU
		{29D2A09B-B6FF-4C6A-B1FB-8E7A628B59A2}.Release|x64.Build.0 = Release|Any CPU
		{29D2A09B-B6FF-4C6A-B1FB-8E7A628B59A2}.Release|x86.ActiveCfg = Release|Any CPU
		{29D2A09B-B6FF-4C6A-B1FB-8E7A628B59A2}.Release|x86.Build.0 = Release|Any CPU
		{95817541-B031-44DB-97DF-40E90098FDB5}.Debug|Any CPU.ActiveCfg = Debug|Any CPU
		{95817541-B031-44DB-97DF-40E90098FDB5}.Debug|Any CPU.Build.0 = Debug|Any CPU
		{95817541-B031-44DB-97DF-40E90098FDB5}.Debug|x64.ActiveCfg = Debug|Any CPU
		{95817541-B031-44DB-97DF-40E90098FDB5}.Debug|x64.Build.0 = Debug|Any CPU
		{95817541-B031-44DB-97DF-40E90098FDB5}.Debug|x86.ActiveCfg = Debug|Any CPU
		{95817541-B031-44DB-97DF-40E90098FDB5}.Debug|x86.Build.0 = Debug|Any CPU
		{95817541-B031-44DB-97DF-40E90098FDB5}.Release|Any CPU.ActiveCfg = Release|Any CPU
		{95817541-B031-44DB-97DF-40E90098FDB5}.Release|Any CPU.Build.0 = Release|Any CPU
		{95817541-B031-44DB-97DF-40E90098FDB5}.Release|x64.ActiveCfg = Release|Any CPU
		{95817541-B031-44DB-97DF-40E90098FDB5}.Release|x64.Build.0 = Release|Any CPU
		{95817541-B031-44DB-97DF-40E90098FDB5}.Release|x86.ActiveCfg = Release|Any CPU
		{95817541-B031-44DB-97DF-40E90098FDB5}.Release|x86.Build.0 = Release|Any CPU
		{A4007BCB-5B53-418E-9485-B22925BAAE06}.Debug|Any CPU.ActiveCfg = Debug|Any CPU
		{A4007BCB-5B53-418E-9485-B22925BAAE06}.Debug|Any CPU.Build.0 = Debug|Any CPU
		{A4007BCB-5B53-418E-9485-B22925BAAE06}.Debug|x64.ActiveCfg = Debug|Any CPU
		{A4007BCB-5B53-418E-9485-B22925BAAE06}.Debug|x64.Build.0 = Debug|Any CPU
		{A4007BCB-5B53-418E-9485-B22925BAAE06}.Debug|x86.ActiveCfg = Debug|Any CPU
		{A4007BCB-5B53-418E-9485-B22925BAAE06}.Debug|x86.Build.0 = Debug|Any CPU
		{A4007BCB-5B53-418E-9485-B22925BAAE06}.Release|Any CPU.ActiveCfg = Release|Any CPU
		{A4007BCB-5B53-418E-9485-B22925BAAE06}.Release|Any CPU.Build.0 = Release|Any CPU
		{A4007BCB-5B53-418E-9485-B22925BAAE06}.Release|x64.ActiveCfg = Release|Any CPU
		{A4007BCB-5B53-418E-9485-B22925BAAE06}.Release|x64.Build.0 = Release|Any CPU
		{A4007BCB-5B53-418E-9485-B22925BAAE06}.Release|x86.ActiveCfg = Release|Any CPU
		{A4007BCB-5B53-418E-9485-B22925BAAE06}.Release|x86.Build.0 = Release|Any CPU
		{ACCA9602-3CB3-4498-9920-EBABBD08D3E7}.Debug|Any CPU.ActiveCfg = Debug|Any CPU
		{ACCA9602-3CB3-4498-9920-EBABBD08D3E7}.Debug|Any CPU.Build.0 = Debug|Any CPU
		{ACCA9602-3CB3-4498-9920-EBABBD08D3E7}.Debug|x64.ActiveCfg = Debug|Any CPU
		{ACCA9602-3CB3-4498-9920-EBABBD08D3E7}.Debug|x64.Build.0 = Debug|Any CPU
		{ACCA9602-3CB3-4498-9920-EBABBD08D3E7}.Debug|x86.ActiveCfg = Debug|Any CPU
		{ACCA9602-3CB3-4498-9920-EBABBD08D3E7}.Debug|x86.Build.0 = Debug|Any CPU
		{ACCA9602-3CB3-4498-9920-EBABBD08D3E7}.Release|Any CPU.ActiveCfg = Release|Any CPU
		{ACCA9602-3CB3-4498-9920-EBABBD08D3E7}.Release|Any CPU.Build.0 = Release|Any CPU
		{ACCA9602-3CB3-4498-9920-EBABBD08D3E7}.Release|x64.ActiveCfg = Release|Any CPU
		{ACCA9602-3CB3-4498-9920-EBABBD08D3E7}.Release|x64.Build.0 = Release|Any CPU
		{ACCA9602-3CB3-4498-9920-EBABBD08D3E7}.Release|x86.ActiveCfg = Release|Any CPU
		{ACCA9602-3CB3-4498-9920-EBABBD08D3E7}.Release|x86.Build.0 = Release|Any CPU
		{E12A5799-3E02-4A9F-B090-7B610FA6DB57}.Debug|Any CPU.ActiveCfg = Debug|Any CPU
		{E12A5799-3E02-4A9F-B090-7B610FA6DB57}.Debug|Any CPU.Build.0 = Debug|Any CPU
		{E12A5799-3E02-4A9F-B090-7B610FA6DB57}.Debug|x64.ActiveCfg = Debug|Any CPU
		{E12A5799-3E02-4A9F-B090-7B610FA6DB57}.Debug|x64.Build.0 = Debug|Any CPU
		{E12A5799-3E02-4A9F-B090-7B610FA6DB57}.Debug|x86.ActiveCfg = Debug|Any CPU
		{E12A5799-3E02-4A9F-B090-7B610FA6DB57}.Debug|x86.Build.0 = Debug|Any CPU
		{E12A5799-3E02-4A9F-B090-7B610FA6DB57}.Release|Any CPU.ActiveCfg = Release|Any CPU
		{E12A5799-3E02-4A9F-B090-7B610FA6DB57}.Release|Any CPU.Build.0 = Release|Any CPU
		{E12A5799-3E02-4A9F-B090-7B610FA6DB57}.Release|x64.ActiveCfg = Release|Any CPU
		{E12A5799-3E02-4A9F-B090-7B610FA6DB57}.Release|x64.Build.0 = Release|Any CPU
		{E12A5799-3E02-4A9F-B090-7B610FA6DB57}.Release|x86.ActiveCfg = Release|Any CPU
		{E12A5799-3E02-4A9F-B090-7B610FA6DB57}.Release|x86.Build.0 = Release|Any CPU
		{BB93D9F0-5D8D-4166-AFEA-44FE8311DC4E}.Debug|Any CPU.ActiveCfg = Debug|Any CPU
		{BB93D9F0-5D8D-4166-AFEA-44FE8311DC4E}.Debug|Any CPU.Build.0 = Debug|Any CPU
		{BB93D9F0-5D8D-4166-AFEA-44FE8311DC4E}.Debug|x64.ActiveCfg = Debug|Any CPU
		{BB93D9F0-5D8D-4166-AFEA-44FE8311DC4E}.Debug|x64.Build.0 = Debug|Any CPU
		{BB93D9F0-5D8D-4166-AFEA-44FE8311DC4E}.Debug|x86.ActiveCfg = Debug|Any CPU
		{BB93D9F0-5D8D-4166-AFEA-44FE8311DC4E}.Debug|x86.Build.0 = Debug|Any CPU
		{BB93D9F0-5D8D-4166-AFEA-44FE8311DC4E}.Release|Any CPU.ActiveCfg = Release|Any CPU
		{BB93D9F0-5D8D-4166-AFEA-44FE8311DC4E}.Release|Any CPU.Build.0 = Release|Any CPU
		{BB93D9F0-5D8D-4166-AFEA-44FE8311DC4E}.Release|x64.ActiveCfg = Release|Any CPU
		{BB93D9F0-5D8D-4166-AFEA-44FE8311DC4E}.Release|x64.Build.0 = Release|Any CPU
		{BB93D9F0-5D8D-4166-AFEA-44FE8311DC4E}.Release|x86.ActiveCfg = Release|Any CPU
		{BB93D9F0-5D8D-4166-AFEA-44FE8311DC4E}.Release|x86.Build.0 = Release|Any CPU
		{8F7707AB-8702-4BF5-B699-F5653EB5872E}.Debug|Any CPU.ActiveCfg = Debug|Any CPU
		{8F7707AB-8702-4BF5-B699-F5653EB5872E}.Debug|Any CPU.Build.0 = Debug|Any CPU
		{8F7707AB-8702-4BF5-B699-F5653EB5872E}.Debug|x64.ActiveCfg = Debug|Any CPU
		{8F7707AB-8702-4BF5-B699-F5653EB5872E}.Debug|x64.Build.0 = Debug|Any CPU
		{8F7707AB-8702-4BF5-B699-F5653EB5872E}.Debug|x86.ActiveCfg = Debug|Any CPU
		{8F7707AB-8702-4BF5-B699-F5653EB5872E}.Debug|x86.Build.0 = Debug|Any CPU
		{8F7707AB-8702-4BF5-B699-F5653EB5872E}.Release|Any CPU.ActiveCfg = Release|Any CPU
		{8F7707AB-8702-4BF5-B699-F5653EB5872E}.Release|Any CPU.Build.0 = Release|Any CPU
		{8F7707AB-8702-4BF5-B699-F5653EB5872E}.Release|x64.ActiveCfg = Release|Any CPU
		{8F7707AB-8702-4BF5-B699-F5653EB5872E}.Release|x64.Build.0 = Release|Any CPU
		{8F7707AB-8702-4BF5-B699-F5653EB5872E}.Release|x86.ActiveCfg = Release|Any CPU
		{8F7707AB-8702-4BF5-B699-F5653EB5872E}.Release|x86.Build.0 = Release|Any CPU
	EndGlobalSection
	GlobalSection(SolutionProperties) = preSolution
		HideSolutionNode = FALSE
	EndGlobalSection
	GlobalSection(NestedProjects) = preSolution
		{5815CDFB-D517-4A2E-A89D-CDB393E9A1BC} = {827E0CD3-B72D-47B6-A68D-7590B98EB39B}
		{29D2A09B-B6FF-4C6A-B1FB-8E7A628B59A2} = {827E0CD3-B72D-47B6-A68D-7590B98EB39B}
		{95817541-B031-44DB-97DF-40E90098FDB5} = {827E0CD3-B72D-47B6-A68D-7590B98EB39B}
		{A4007BCB-5B53-418E-9485-B22925BAAE06} = {827E0CD3-B72D-47B6-A68D-7590B98EB39B}
		{ACCA9602-3CB3-4498-9920-EBABBD08D3E7} = {827E0CD3-B72D-47B6-A68D-7590B98EB39B}
		{E12A5799-3E02-4A9F-B090-7B610FA6DB57} = {827E0CD3-B72D-47B6-A68D-7590B98EB39B}
		{BB93D9F0-5D8D-4166-AFEA-44FE8311DC4E} = {0AB3BF05-4346-4AA6-1389-037BE0695223}
		{8F7707AB-8702-4BF5-B699-F5653EB5872E} = {0AB3BF05-4346-4AA6-1389-037BE0695223}
	EndGlobalSection
EndGlobal
